// !$*UTF8*$!
{
	archiveVersion = 1;
	classes = {
	};
	objectVersion = 51;
	objects = {

/* Begin PBXBuildFile section */
		921B41162761D68E00F730A5 /* AppDelegate.swift in Sources */ = {isa = PBXBuildFile; fileRef = 921B41152761D68E00F730A5 /* AppDelegate.swift */; };
		921B41182761D68E00F730A5 /* SceneDelegate.swift in Sources */ = {isa = PBXBuildFile; fileRef = 921B41172761D68E00F730A5 /* SceneDelegate.swift */; };
		921B411A2761D68E00F730A5 /* ViewController.swift in Sources */ = {isa = PBXBuildFile; fileRef = 921B41192761D68E00F730A5 /* ViewController.swift */; };
		921B411D2761D68E00F730A5 /* Main.storyboard in Resources */ = {isa = PBXBuildFile; fileRef = 921B411B2761D68E00F730A5 /* Main.storyboard */; };
		921B411F2761D68F00F730A5 /* Assets.xcassets in Resources */ = {isa = PBXBuildFile; fileRef = 921B411E2761D68F00F730A5 /* Assets.xcassets */; };
		921B41222761D68F00F730A5 /* LaunchScreen.storyboard in Resources */ = {isa = PBXBuildFile; fileRef = 921B41202761D68F00F730A5 /* LaunchScreen.storyboard */; };
		921B412A2761DB0800F730A5 /* GoogleService-Info.plist in Resources */ = {isa = PBXBuildFile; fileRef = 921B41292761DB0800F730A5 /* GoogleService-Info.plist */; };
		FBDACCCB35CEA0FB9459E24E /* Pods_ERApp.framework in Frameworks */ = {isa = PBXBuildFile; fileRef = A6A7EE744A43A7C588B51FF7 /* Pods_ERApp.framework */; };
/* End PBXBuildFile section */

/* Begin PBXFileReference section */
		921B41122761D68E00F730A5 /* ERApp.app */ = {isa = PBXFileReference; explicitFileType = wrapper.application; includeInIndex = 0; path = ERApp.app; sourceTree = BUILT_PRODUCTS_DIR; };
		921B41152761D68E00F730A5 /* AppDelegate.swift */ = {isa = PBXFileReference; lastKnownFileType = sourcecode.swift; path = AppDelegate.swift; sourceTree = "<group>"; };
		921B41172761D68E00F730A5 /* SceneDelegate.swift */ = {isa = PBXFileReference; lastKnownFileType = sourcecode.swift; path = SceneDelegate.swift; sourceTree = "<group>"; };
		921B41192761D68E00F730A5 /* ViewController.swift */ = {isa = PBXFileReference; lastKnownFileType = sourcecode.swift; path = ViewController.swift; sourceTree = "<group>"; };
		921B411C2761D68E00F730A5 /* Base */ = {isa = PBXFileReference; lastKnownFileType = file.storyboard; name = Base; path = Base.lproj/Main.storyboard; sourceTree = "<group>"; };
		921B411E2761D68F00F730A5 /* Assets.xcassets */ = {isa = PBXFileReference; lastKnownFileType = folder.assetcatalog; path = Assets.xcassets; sourceTree = "<group>"; };
		921B41212761D68F00F730A5 /* Base */ = {isa = PBXFileReference; lastKnownFileType = file.storyboard; name = Base; path = Base.lproj/LaunchScreen.storyboard; sourceTree = "<group>"; };
		921B41232761D68F00F730A5 /* Info.plist */ = {isa = PBXFileReference; lastKnownFileType = text.plist.xml; path = Info.plist; sourceTree = "<group>"; };
		921B41292761DB0800F730A5 /* GoogleService-Info.plist */ = {isa = PBXFileReference; fileEncoding = 4; lastKnownFileType = text.plist.xml; path = "GoogleService-Info.plist"; sourceTree = "<group>"; };
		A6A7EE744A43A7C588B51FF7 /* Pods_ERApp.framework */ = {isa = PBXFileReference; explicitFileType = wrapper.framework; includeInIndex = 0; path = Pods_ERApp.framework; sourceTree = BUILT_PRODUCTS_DIR; };
		BC33923F90E55BCE90241070 /* Pods-ERApp.release.xcconfig */ = {isa = PBXFileReference; includeInIndex = 1; lastKnownFileType = text.xcconfig; name = "Pods-ERApp.release.xcconfig"; path = "Target Support Files/Pods-ERApp/Pods-ERApp.release.xcconfig"; sourceTree = "<group>"; };
		EB3368C65BF83174D002A65E /* Pods-ERApp.debug.xcconfig */ = {isa = PBXFileReference; includeInIndex = 1; lastKnownFileType = text.xcconfig; name = "Pods-ERApp.debug.xcconfig"; path = "Target Support Files/Pods-ERApp/Pods-ERApp.debug.xcconfig"; sourceTree = "<group>"; };
/* End PBXFileReference section */

/* Begin PBXFrameworksBuildPhase section */
		921B410F2761D68E00F730A5 /* Frameworks */ = {
			isa = PBXFrameworksBuildPhase;
			buildActionMask = 2147483647;
			files = (
				FBDACCCB35CEA0FB9459E24E /* Pods_ERApp.framework in Frameworks */,
			);
			runOnlyForDeploymentPostprocessing = 0;
		};
/* End PBXFrameworksBuildPhase section */

/* Begin PBXGroup section */
		71438BB82A5A7D921221F35E /* Pods */ = {
			isa = PBXGroup;
			children = (
				EB3368C65BF83174D002A65E /* Pods-ERApp.debug.xcconfig */,
				BC33923F90E55BCE90241070 /* Pods-ERApp.release.xcconfig */,
			);
			path = Pods;
			sourceTree = "<group>";
		};
		7407B505543B7D650E4C95B2 /* Frameworks */ = {
			isa = PBXGroup;
			children = (
				A6A7EE744A43A7C588B51FF7 /* Pods_ERApp.framework */,
			);
			name = Frameworks;
			sourceTree = "<group>";
		};
		921B41092761D68E00F730A5 = {
			isa = PBXGroup;
			children = (
				921B41142761D68E00F730A5 /* ERApp */,
				921B41132761D68E00F730A5 /* Products */,
				71438BB82A5A7D921221F35E /* Pods */,
				7407B505543B7D650E4C95B2 /* Frameworks */,
			);
			sourceTree = "<group>";
		};
		921B41132761D68E00F730A5 /* Products */ = {
			isa = PBXGroup;
			children = (
				921B41122761D68E00F730A5 /* ERApp.app */,
			);
			name = Products;
			sourceTree = "<group>";
		};
		921B41142761D68E00F730A5 /* ERApp */ = {
			isa = PBXGroup;
			children = (
				921B41152761D68E00F730A5 /* AppDelegate.swift */,
				921B41172761D68E00F730A5 /* SceneDelegate.swift */,
				921B41192761D68E00F730A5 /* ViewController.swift */,
				921B411B2761D68E00F730A5 /* Main.storyboard */,
				921B411E2761D68F00F730A5 /* Assets.xcassets */,
				921B41202761D68F00F730A5 /* LaunchScreen.storyboard */,
				921B41232761D68F00F730A5 /* Info.plist */,
				921B41292761DB0800F730A5 /* GoogleService-Info.plist */,
			);
			path = ERApp;
			sourceTree = "<group>";
		};
/* End PBXGroup section */

/* Begin PBXNativeTarget section */
		921B41112761D68E00F730A5 /* ERApp */ = {
			isa = PBXNativeTarget;
			buildConfigurationList = 921B41262761D68F00F730A5 /* Build configuration list for PBXNativeTarget "ERApp" */;
			buildPhases = (
				966575E2E5C848CC71B66FFA /* [CP] Check Pods Manifest.lock */,
				921B410E2761D68E00F730A5 /* Sources */,
				921B410F2761D68E00F730A5 /* Frameworks */,
				921B41102761D68E00F730A5 /* Resources */,
				2F8C4627B0359ED19DD7CB04 /* [CP] Embed Pods Frameworks */,
			);
			buildRules = (
			);
			dependencies = (
			);
			name = ERApp;
			productName = ERApp;
			productReference = 921B41122761D68E00F730A5 /* ERApp.app */;
			productType = "com.apple.product-type.application";
		};
/* End PBXNativeTarget section */

/* Begin PBXProject section */
		921B410A2761D68E00F730A5 /* Project object */ = {
			isa = PBXProject;
			attributes = {
				LastSwiftUpdateCheck = 1250;
				LastUpgradeCheck = 1250;
				TargetAttributes = {
					921B41112761D68E00F730A5 = {
						CreatedOnToolsVersion = 12.5.1;
					};
				};
			};
			buildConfigurationList = 921B410D2761D68E00F730A5 /* Build configuration list for PBXProject "ERApp" */;
			compatibilityVersion = "Xcode 9.3";
			developmentRegion = en;
			hasScannedForEncodings = 0;
			knownRegions = (
				en,
				Base,
			);
			mainGroup = 921B41092761D68E00F730A5;
			productRefGroup = 921B41132761D68E00F730A5 /* Products */;
			projectDirPath = "";
			projectRoot = "";
			targets = (
				921B41112761D68E00F730A5 /* ERApp */,
			);
		};
/* End PBXProject section */

/* Begin PBXResourcesBuildPhase section */
		921B41102761D68E00F730A5 /* Resources */ = {
			isa = PBXResourcesBuildPhase;
			buildActionMask = 2147483647;
			files = (
				921B41222761D68F00F730A5 /* LaunchScreen.storyboard in Resources */,
				921B412A2761DB0800F730A5 /* GoogleService-Info.plist in Resources */,
				921B411F2761D68F00F730A5 /* Assets.xcassets in Resources */,
				921B411D2761D68E00F730A5 /* Main.storyboard in Resources */,
			);
			runOnlyForDeploymentPostprocessing = 0;
		};
/* End PBXResourcesBuildPhase section */

/* Begin PBXShellScriptBuildPhase section */
		2F8C4627B0359ED19DD7CB04 /* [CP] Embed Pods Frameworks */ = {
			isa = PBXShellScriptBuildPhase;
			buildActionMask = 2147483647;
			files = (
			);
			inputFileListPaths = (
				"${PODS_ROOT}/Target Support Files/Pods-ERApp/Pods-ERApp-frameworks-${CONFIGURATION}-input-files.xcfilelist",
			);
			name = "[CP] Embed Pods Frameworks";
			outputFileListPaths = (
				"${PODS_ROOT}/Target Support Files/Pods-ERApp/Pods-ERApp-frameworks-${CONFIGURATION}-output-files.xcfilelist",
			);
			runOnlyForDeploymentPostprocessing = 0;
			shellPath = /bin/sh;
			shellScript = "\"${PODS_ROOT}/Target Support Files/Pods-ERApp/Pods-ERApp-frameworks.sh\"\n";
			showEnvVarsInLog = 0;
		};
		966575E2E5C848CC71B66FFA /* [CP] Check Pods Manifest.lock */ = {
			isa = PBXShellScriptBuildPhase;
			buildActionMask = 2147483647;
			files = (
			);
			inputFileListPaths = (
			);
			inputPaths = (
				"${PODS_PODFILE_DIR_PATH}/Podfile.lock",
				"${PODS_ROOT}/Manifest.lock",
			);
			name = "[CP] Check Pods Manifest.lock";
			outputFileListPaths = (
			);
			outputPaths = (
				"$(DERIVED_FILE_DIR)/Pods-ERApp-checkManifestLockResult.txt",
			);
			runOnlyForDeploymentPostprocessing = 0;
			shellPath = /bin/sh;
			shellScript = "diff \"${PODS_PODFILE_DIR_PATH}/Podfile.lock\" \"${PODS_ROOT}/Manifest.lock\" > /dev/null\nif [ $? != 0 ] ; then\n    # print error to STDERR\n    echo \"error: The sandbox is not in sync with the Podfile.lock. Run 'pod install' or update your CocoaPods installation.\" >&2\n    exit 1\nfi\n# This output is used by Xcode 'outputs' to avoid re-running this script phase.\necho \"SUCCESS\" > \"${SCRIPT_OUTPUT_FILE_0}\"\n";
			showEnvVarsInLog = 0;
		};
/* End PBXShellScriptBuildPhase section */

/* Begin PBXSourcesBuildPhase section */
		921B410E2761D68E00F730A5 /* Sources */ = {
			isa = PBXSourcesBuildPhase;
			buildActionMask = 2147483647;
			files = (
				921B411A2761D68E00F730A5 /* ViewController.swift in Sources */,
				921B41162761D68E00F730A5 /* AppDelegate.swift in Sources */,
				921B41182761D68E00F730A5 /* SceneDelegate.swift in Sources */,
			);
			runOnlyForDeploymentPostprocessing = 0;
		};
/* End PBXSourcesBuildPhase section */

/* Begin PBXVariantGroup section */
		921B411B2761D68E00F730A5 /* Main.storyboard */ = {
			isa = PBXVariantGroup;
			children = (
				921B411C2761D68E00F730A5 /* Base */,
			);
			name = Main.storyboard;
			sourceTree = "<group>";
		};
		921B41202761D68F00F730A5 /* LaunchScreen.storyboard */ = {
			isa = PBXVariantGroup;
			children = (
				921B41212761D68F00F730A5 /* Base */,
			);
			name = LaunchScreen.storyboard;
			sourceTree = "<group>";
		};
/* End PBXVariantGroup section */

/* Begin XCBuildConfiguration section */
		921B41242761D68F00F730A5 /* Debug */ = {
			isa = XCBuildConfiguration;
			buildSettings = {
				ALWAYS_SEARCH_USER_PATHS = NO;
				CLANG_ANALYZER_NONNULL = YES;
				CLANG_ANALYZER_NUMBER_OBJECT_CONVERSION = YES_AGGRESSIVE;
				CLANG_CXX_LANGUAGE_STANDARD = "gnu++14";
				CLANG_CXX_LIBRARY = "libc++";
				CLANG_ENABLE_MODULES = YES;
				CLANG_ENABLE_OBJC_ARC = YES;
				CLANG_ENABLE_OBJC_WEAK = YES;
				CLANG_WARN_BLOCK_CAPTURE_AUTORELEASING = YES;
				CLANG_WARN_BOOL_CONVERSION = YES;
				CLANG_WARN_COMMA = YES;
				CLANG_WARN_CONSTANT_CONVERSION = YES;
				CLANG_WARN_DEPRECATED_OBJC_IMPLEMENTATIONS = YES;
				CLANG_WARN_DIRECT_OBJC_ISA_USAGE = YES_ERROR;
				CLANG_WARN_DOCUMENTATION_COMMENTS = YES;
				CLANG_WARN_EMPTY_BODY = YES;
				CLANG_WARN_ENUM_CONVERSION = YES;
				CLANG_WARN_INFINITE_RECURSION = YES;
				CLANG_WARN_INT_CONVERSION = YES;
				CLANG_WARN_NON_LITERAL_NULL_CONVERSION = YES;
				CLANG_WARN_OBJC_IMPLICIT_RETAIN_SELF = YES;
				CLANG_WARN_OBJC_LITERAL_CONVERSION = YES;
				CLANG_WARN_OBJC_ROOT_CLASS = YES_ERROR;
				CLANG_WARN_QUOTED_INCLUDE_IN_FRAMEWORK_HEADER = YES;
				CLANG_WARN_RANGE_LOOP_ANALYSIS = YES;
				CLANG_WARN_STRICT_PROTOTYPES = YES;
				CLANG_WARN_SUSPICIOUS_MOVE = YES;
				CLANG_WARN_UNGUARDED_AVAILABILITY = YES_AGGRESSIVE;
				CLANG_WARN_UNREACHABLE_CODE = YES;
				CLANG_WARN__DUPLICATE_METHOD_MATCH = YES;
				COPY_PHASE_STRIP = NO;
				DEBUG_INFORMATION_FORMAT = dwarf;
				ENABLE_STRICT_OBJC_MSGSEND = YES;
				ENABLE_TESTABILITY = YES;
				GCC_C_LANGUAGE_STANDARD = gnu11;
				GCC_DYNAMIC_NO_PIC = NO;
				GCC_NO_COMMON_BLOCKS = YES;
				GCC_OPTIMIZATION_LEVEL = 0;
				GCC_PREPROCESSOR_DEFINITIONS = (
					"DEBUG=1",
					"$(inherited)",
				);
				GCC_WARN_64_TO_32_BIT_CONVERSION = YES;
				GCC_WARN_ABOUT_RETURN_TYPE = YES_ERROR;
				GCC_WARN_UNDECLARED_SELECTOR = YES;
				GCC_WARN_UNINITIALIZED_AUTOS = YES_AGGRESSIVE;
				GCC_WARN_UNUSED_FUNCTION = YES;
				GCC_WARN_UNUSED_VARIABLE = YES;
				IPHONEOS_DEPLOYMENT_TARGET = 14.5;
				MTL_ENABLE_DEBUG_INFO = INCLUDE_SOURCE;
				MTL_FAST_MATH = YES;
				ONLY_ACTIVE_ARCH = YES;
				SDKROOT = iphoneos;
				SWIFT_ACTIVE_COMPILATION_CONDITIONS = DEBUG;
				SWIFT_OPTIMIZATION_LEVEL = "-Onone";
			};
			name = Debug;
		};
		921B41252761D68F00F730A5 /* Release */ = {
			isa = XCBuildConfiguration;
			buildSettings = {
				ALWAYS_SEARCH_USER_PATHS = NO;
				CLANG_ANALYZER_NONNULL = YES;
				CLANG_ANALYZER_NUMBER_OBJECT_CONVERSION = YES_AGGRESSIVE;
				CLANG_CXX_LANGUAGE_STANDARD = "gnu++14";
				CLANG_CXX_LIBRARY = "libc++";
				CLANG_ENABLE_MODULES = YES;
				CLANG_ENABLE_OBJC_ARC = YES;
				CLANG_ENABLE_OBJC_WEAK = YES;
				CLANG_WARN_BLOCK_CAPTURE_AUTORELEASING = YES;
				CLANG_WARN_BOOL_CONVERSION = YES;
				CLANG_WARN_COMMA = YES;
				CLANG_WARN_CONSTANT_CONVERSION = YES;
				CLANG_WARN_DEPRECATED_OBJC_IMPLEMENTATIONS = YES;
				CLANG_WARN_DIRECT_OBJC_ISA_USAGE = YES_ERROR;
				CLANG_WARN_DOCUMENTATION_COMMENTS = YES;
				CLANG_WARN_EMPTY_BODY = YES;
				CLANG_WARN_ENUM_CONVERSION = YES;
				CLANG_WARN_INFINITE_RECURSION = YES;
				CLANG_WARN_INT_CONVERSION = YES;
				CLANG_WARN_NON_LITERAL_NULL_CONVERSION = YES;
				CLANG_WARN_OBJC_IMPLICIT_RETAIN_SELF = YES;
				CLANG_WARN_OBJC_LITERAL_CONVERSION = YES;
				CLANG_WARN_OBJC_ROOT_CLASS = YES_ERROR;
				CLANG_WARN_QUOTED_INCLUDE_IN_FRAMEWORK_HEADER = YES;
				CLANG_WARN_RANGE_LOOP_ANALYSIS = YES;
				CLANG_WARN_STRICT_PROTOTYPES = YES;
				CLANG_WARN_SUSPICIOUS_MOVE = YES;
				CLANG_WARN_UNGUARDED_AVAILABILITY = YES_AGGRESSIVE;
				CLANG_WARN_UNREACHABLE_CODE = YES;
				CLANG_WARN__DUPLICATE_METHOD_MATCH = YES;
				COPY_PHASE_STRIP = NO;
				DEBUG_INFORMATION_FORMAT = "dwarf-with-dsym";
				ENABLE_NS_ASSERTIONS = NO;
				ENABLE_STRICT_OBJC_MSGSEND = YES;
				GCC_C_LANGUAGE_STANDARD = gnu11;
				GCC_NO_COMMON_BLOCKS = YES;
				GCC_WARN_64_TO_32_BIT_CONVERSION = YES;
				GCC_WARN_ABOUT_RETURN_TYPE = YES_ERROR;
				GCC_WARN_UNDECLARED_SELECTOR = YES;
				GCC_WARN_UNINITIALIZED_AUTOS = YES_AGGRESSIVE;
				GCC_WARN_UNUSED_FUNCTION = YES;
				GCC_WARN_UNUSED_VARIABLE = YES;
				IPHONEOS_DEPLOYMENT_TARGET = 14.5;
				MTL_ENABLE_DEBUG_INFO = NO;
				MTL_FAST_MATH = YES;
				SDKROOT = iphoneos;
				SWIFT_COMPILATION_MODE = wholemodule;
				SWIFT_OPTIMIZATION_LEVEL = "-O";
				VALIDATE_PRODUCT = YES;
			};
			name = Release;
		};
		921B41272761D68F00F730A5 /* Debug */ = {
			isa = XCBuildConfiguration;
			baseConfigurationReference = EB3368C65BF83174D002A65E /* Pods-ERApp.debug.xcconfig */;
			buildSettings = {
				ASSETCATALOG_COMPILER_APPICON_NAME = AppIcon;
				ASSETCATALOG_COMPILER_GLOBAL_ACCENT_COLOR_NAME = AccentColor;
				CODE_SIGN_STYLE = Automatic;
				DEVELOPMENT_TEAM = 9DD7456UGC;
				INFOPLIST_FILE = ERApp/Info.plist;
				LD_RUNPATH_SEARCH_PATHS = (
					"$(inherited)",
					"@executable_path/Frameworks",
				);
				PRODUCT_BUNDLE_IDENTIFIER = jp.techacademy.gohta.maruyama.ERApp;
				PRODUCT_NAME = "$(TARGET_NAME)";
				SWIFT_VERSION = 5.0;
				TARGETED_DEVICE_FAMILY = "1,2";
			};
			name = Debug;
		};
		921B41282761D68F00F730A5 /* Release */ = {
			isa = XCBuildConfiguration;
			baseConfigurationReference = BC33923F90E55BCE90241070 /* Pods-ERApp.release.xcconfig */;
			buildSettings = {
				ASSETCATALOG_COMPILER_APPICON_NAME = AppIcon;
				ASSETCATALOG_COMPILER_GLOBAL_ACCENT_COLOR_NAME = AccentColor;
				CODE_SIGN_STYLE = Automatic;
				DEVELOPMENT_TEAM = 9DD7456UGC;
				INFOPLIST_FILE = ERApp/Info.plist;
				LD_RUNPATH_SEARCH_PATHS = (
					"$(inherited)",
					"@executable_path/Frameworks",
				);
				PRODUCT_BUNDLE_IDENTIFIER = jp.techacademy.gohta.maruyama.ERApp;
				PRODUCT_NAME = "$(TARGET_NAME)";
				SWIFT_VERSION = 5.0;
				TARGETED_DEVICE_FAMILY = "1,2";
			};
			name = Release;
		};
/* End XCBuildConfiguration section */

/* Begin XCConfigurationList section */
		921B410D2761D68E00F730A5 /* Build configuration list for PBXProject "ERApp" */ = {
			isa = XCConfigurationList;
			buildConfigurations = (
				921B41242761D68F00F730A5 /* Debug */,
				921B41252761D68F00F730A5 /* Release */,
			);
			defaultConfigurationIsVisible = 0;
			defaultConfigurationName = Release;
		};
		921B41262761D68F00F730A5 /* Build configuration list for PBXNativeTarget "ERApp" */ = {
			isa = XCConfigurationList;
			buildConfigurations = (
				921B41272761D68F00F730A5 /* Debug */,
				921B41282761D68F00F730A5 /* Release */,
			);
			defaultConfigurationIsVisible = 0;
			defaultConfigurationName = Release;
		};
/* End XCConfigurationList section */
	};
	rootObject = 921B410A2761D68E00F730A5 /* Project object */;
}
